
Microsoft Visual Studio Solution File, Format Version 12.00
# Visual Studio 15
VisualStudioVersion = 15.0.27428.2043
MinimumVisualStudioVersion = 10.0.40219.1
Project("{9A19103F-16F7-4668-BE54-9A1E7A4F7556}") = "CoreDemo", "CoreDemo.csproj", "{904B7C90-F221-4BF6-A51D-91A78005D3FF}"
EndProject
Global
	GlobalSection(SolutionConfigurationPlatforms) = preSolution
		Debug|Any CPU = Debug|Any CPU
		Release|Any CPU = Release|Any CPU
	EndGlobalSection
	GlobalSection(ProjectConfigurationPlatforms) = postSolution
		{904B7C90-F221-4BF6-A51D-91A78005D3FF}.Debug|Any CPU.ActiveCfg = Debug|Any CPU
		{904B7C90-F221-4BF6-A51D-91A78005D3FF}.Debug|Any CPU.Build.0 = Debug|Any CPU
		{904B7C90-F221-4BF6-A51D-91A78005D3FF}.Release|Any CPU.ActiveCfg = Release|Any CPU
		{904B7C90-F221-4BF6-A51D-91A78005D3FF}.Release|Any CPU.Build.0 = Release|Any CPU
	EndGlobalSection
	GlobalSection(SolutionProperties) = preSolution
		HideSolutionNode = FALSE
	EndGlobalSection
	GlobalSection(ExtensibilityGlobals) = postSolution
		SolutionGuid = {C254372E-E8C4-42F3-8191-F057A7E835ED}
	EndGlobalSection
EndGlobal
